
Microsoft Visual Studio Solution File, Format Version 12.00
# Visual Studio 14
VisualStudioVersion = 14.0.22609.0
MinimumVisualStudioVersion = 10.0.40219.1
Project("{FAE04EC0-301F-11D3-BF4B-00C04F79EFBC}") = "AspNetIdentity.WebApi", "src\AspNetIdentity.WebApi\AspNetIdentity.WebApi.csproj", "{38B9F4B0-CA4F-4130-AF20-56F2A5FD24C9}"
EndProject
Project("{2150E333-8FDC-42A3-9474-1A3956D46DE8}") = "src", "src", "{6136E8B4-B219-483D-BA56-76B5414B0F71}"
EndProject
Global
	GlobalSection(SolutionConfigurationPlatforms) = preSolution
		Debug|Any CPU = Debug|Any CPU
		Release|Any CPU = Release|Any CPU
	EndGlobalSection
	GlobalSection(ProjectConfigurationPlatforms) = postSolution
		{38B9F4B0-CA4F-4130-AF20-56F2A5FD24C9}.Debug|Any CPU.ActiveCfg = Debug|Any CPU
		{38B9F4B0-CA4F-4130-AF20-56F2A5FD24C9}.Debug|Any CPU.Build.0 = Debug|Any CPU
		{38B9F4B0-CA4F-4130-AF20-56F2A5FD24C9}.Release|Any CPU.ActiveCfg = Release|Any CPU
		{38B9F4B0-CA4F-4130-AF20-56F2A5FD24C9}.Release|Any CPU.Build.0 = Release|Any CPU
	EndGlobalSection
	GlobalSection(SolutionProperties) = preSolution
		HideSolutionNode = FALSE
	EndGlobalSection
	GlobalSection(NestedProjects) = preSolution
		{38B9F4B0-CA4F-4130-AF20-56F2A5FD24C9} = {6136E8B4-B219-483D-BA56-76B5414B0F71}
	EndGlobalSection
EndGlobal
